{
  "name": "mini-contract",
  "version": "1.0.0",
  "lockfileVersion": 3,
  "requires": true,
  "packages": {
    "": {
      "name": "mini-contract",
      "version": "1.0.0",
      "dependencies": {
        "@dcloudio/uni-ui": "^1.5.8"
      }
    },
    "node_modules/@dcloudio/uni-ui": {
      "version": "1.5.8",
      "resolved": "https://registry.npmjs.org/@dcloudio/uni-ui/-/uni-ui-1.5.8.tgz",
      "integrity": "sha512-9gnNzr11iG06s97A3WBplqwcAOua7vG7j70hEoPlGoUgDA7at7wo84nkuyXycQaveAHSqNhbCGHVsUUtQcGkJQ==",
      "license": "Apache-2.0"
    }
  }
}
